// !$*UTF8*$!
{
	archiveVersion = 1;
	classes = {
	};
	objectVersion = 56;
	objects = {

/* Begin PBXBuildFile section */
		B295E840294255020083C295 /* RegisterViewController.swift in Sources */ = {isa = PBXBuildFile; fileRef = B295E83F294255020083C295 /* RegisterViewController.swift */; };
		B295E842294255200083C295 /* LoginViewController.swift in Sources */ = {isa = PBXBuildFile; fileRef = B295E841294255200083C295 /* LoginViewController.swift */; };
		B295E844294258350083C295 /* ChatViewController.swift in Sources */ = {isa = PBXBuildFile; fileRef = B295E843294258350083C295 /* ChatViewController.swift */; };
		B2AE36E22941156700A48EB9 /* AppDelegate.swift in Sources */ = {isa = PBXBuildFile; fileRef = B2AE36E12941156700A48EB9 /* AppDelegate.swift */; };
		B2AE36E42941156700A48EB9 /* SceneDelegate.swift in Sources */ = {isa = PBXBuildFile; fileRef = B2AE36E32941156700A48EB9 /* SceneDelegate.swift */; };
		B2AE36E62941156700A48EB9 /* ViewController.swift in Sources */ = {isa = PBXBuildFile; fileRef = B2AE36E52941156700A48EB9 /* ViewController.swift */; };
		B2AE36E92941156700A48EB9 /* Main.storyboard in Resources */ = {isa = PBXBuildFile; fileRef = B2AE36E72941156700A48EB9 /* Main.storyboard */; };
		B2AE36EB2941156800A48EB9 /* Assets.xcassets in Resources */ = {isa = PBXBuildFile; fileRef = B2AE36EA2941156800A48EB9 /* Assets.xcassets */; };
		B2AE36EE2941156800A48EB9 /* LaunchScreen.storyboard in Resources */ = {isa = PBXBuildFile; fileRef = B2AE36EC2941156800A48EB9 /* LaunchScreen.storyboard */; };
		B2AE36F82941162200A48EB9 /* GoogleService-Info.plist in Resources */ = {isa = PBXBuildFile; fileRef = B2AE36F72941162200A48EB9 /* GoogleService-Info.plist */; };
		B2AE36FB2941171B00A48EB9 /* FirebaseAuth in Frameworks */ = {isa = PBXBuildFile; productRef = B2AE36FA2941171B00A48EB9 /* FirebaseAuth */; };
		B2AE36FD2941171B00A48EB9 /* FirebaseDatabase in Frameworks */ = {isa = PBXBuildFile; productRef = B2AE36FC2941171B00A48EB9 /* FirebaseDatabase */; };
		B2AE36FF2941171B00A48EB9 /* FirebaseDatabaseSwift in Frameworks */ = {isa = PBXBuildFile; productRef = B2AE36FE2941171B00A48EB9 /* FirebaseDatabaseSwift */; };
		B2AE37012941171B00A48EB9 /* FirebaseFirestore in Frameworks */ = {isa = PBXBuildFile; productRef = B2AE37002941171B00A48EB9 /* FirebaseFirestore */; };
		B2AE37032941171B00A48EB9 /* FirebaseFirestoreCombine-Community in Frameworks */ = {isa = PBXBuildFile; productRef = B2AE37022941171B00A48EB9 /* FirebaseFirestoreCombine-Community */; };
		B2AE37052941171B00A48EB9 /* FirebaseFirestoreSwift in Frameworks */ = {isa = PBXBuildFile; productRef = B2AE37042941171B00A48EB9 /* FirebaseFirestoreSwift */; };
		B2AE37072941171B00A48EB9 /* FirebaseFunctions in Frameworks */ = {isa = PBXBuildFile; productRef = B2AE37062941171B00A48EB9 /* FirebaseFunctions */; };
		B2AE37092941171B00A48EB9 /* FirebaseFunctionsCombine-Community in Frameworks */ = {isa = PBXBuildFile; productRef = B2AE37082941171B00A48EB9 /* FirebaseFunctionsCombine-Community */; };
		B2AE370B2941171B00A48EB9 /* FirebaseMessaging in Frameworks */ = {isa = PBXBuildFile; productRef = B2AE370A2941171B00A48EB9 /* FirebaseMessaging */; };
		B2AE370D2941171B00A48EB9 /* FirebaseStorage in Frameworks */ = {isa = PBXBuildFile; productRef = B2AE370C2941171B00A48EB9 /* FirebaseStorage */; };
		B2AE370F2941171B00A48EB9 /* FirebaseStorageCombine-Community in Frameworks */ = {isa = PBXBuildFile; productRef = B2AE370E2941171B00A48EB9 /* FirebaseStorageCombine-Community */; };
/* End PBXBuildFile section */

/* Begin PBXFileReference section */
		B295E83F294255020083C295 /* RegisterViewController.swift */ = {isa = PBXFileReference; lastKnownFileType = sourcecode.swift; path = RegisterViewController.swift; sourceTree = "<group>"; };
		B295E841294255200083C295 /* LoginViewController.swift */ = {isa = PBXFileReference; lastKnownFileType = sourcecode.swift; path = LoginViewController.swift; sourceTree = "<group>"; };
		B295E843294258350083C295 /* ChatViewController.swift */ = {isa = PBXFileReference; lastKnownFileType = sourcecode.swift; path = ChatViewController.swift; sourceTree = "<group>"; };
		B2AE36DE2941156700A48EB9 /* Chat2Chat.app */ = {isa = PBXFileReference; explicitFileType = wrapper.application; includeInIndex = 0; path = Chat2Chat.app; sourceTree = BUILT_PRODUCTS_DIR; };
		B2AE36E12941156700A48EB9 /* AppDelegate.swift */ = {isa = PBXFileReference; lastKnownFileType = sourcecode.swift; path = AppDelegate.swift; sourceTree = "<group>"; };
		B2AE36E32941156700A48EB9 /* SceneDelegate.swift */ = {isa = PBXFileReference; lastKnownFileType = sourcecode.swift; path = SceneDelegate.swift; sourceTree = "<group>"; };
		B2AE36E52941156700A48EB9 /* ViewController.swift */ = {isa = PBXFileReference; lastKnownFileType = sourcecode.swift; path = ViewController.swift; sourceTree = "<group>"; };
		B2AE36E82941156700A48EB9 /* Base */ = {isa = PBXFileReference; lastKnownFileType = file.storyboard; name = Base; path = Base.lproj/Main.storyboard; sourceTree = "<group>"; };
		B2AE36EA2941156800A48EB9 /* Assets.xcassets */ = {isa = PBXFileReference; lastKnownFileType = folder.assetcatalog; path = Assets.xcassets; sourceTree = "<group>"; };
		B2AE36ED2941156800A48EB9 /* Base */ = {isa = PBXFileReference; lastKnownFileType = file.storyboard; name = Base; path = Base.lproj/LaunchScreen.storyboard; sourceTree = "<group>"; };
		B2AE36EF2941156800A48EB9 /* Info.plist */ = {isa = PBXFileReference; lastKnownFileType = text.plist.xml; path = Info.plist; sourceTree = "<group>"; };
		B2AE36F72941162200A48EB9 /* GoogleService-Info.plist */ = {isa = PBXFileReference; fileEncoding = 4; lastKnownFileType = text.plist.xml; path = "GoogleService-Info.plist"; sourceTree = "<group>"; };
/* End PBXFileReference section */

/* Begin PBXFrameworksBuildPhase section */
		B2AE36DB2941156700A48EB9 /* Frameworks */ = {
			isa = PBXFrameworksBuildPhase;
			buildActionMask = 2147483647;
			files = (
				B2AE370F2941171B00A48EB9 /* FirebaseStorageCombine-Community in Frameworks */,
				B2AE370B2941171B00A48EB9 /* FirebaseMessaging in Frameworks */,
				B2AE36FF2941171B00A48EB9 /* FirebaseDatabaseSwift in Frameworks */,
				B2AE37072941171B00A48EB9 /* FirebaseFunctions in Frameworks */,
				B2AE370D2941171B00A48EB9 /* FirebaseStorage in Frameworks */,
				B2AE37012941171B00A48EB9 /* FirebaseFirestore in Frameworks */,
				B2AE36FD2941171B00A48EB9 /* FirebaseDatabase in Frameworks */,
				B2AE37032941171B00A48EB9 /* FirebaseFirestoreCombine-Community in Frameworks */,
				B2AE36FB2941171B00A48EB9 /* FirebaseAuth in Frameworks */,
				B2AE37052941171B00A48EB9 /* FirebaseFirestoreSwift in Frameworks */,
				B2AE37092941171B00A48EB9 /* FirebaseFunctionsCombine-Community in Frameworks */,
			);
			runOnlyForDeploymentPostprocessing = 0;
		};
/* End PBXFrameworksBuildPhase section */

/* Begin PBXGroup section */
		B295E83E294253650083C295 /* Model */ = {
			isa = PBXGroup;
			children = (
			);
			path = Model;
			sourceTree = "<group>";
		};
		B2AE36D52941156700A48EB9 = {
			isa = PBXGroup;
			children = (
				B2AE36E02941156700A48EB9 /* Chat2Chat */,
				B2AE36DF2941156700A48EB9 /* Products */,
			);
			sourceTree = "<group>";
		};
		B2AE36DF2941156700A48EB9 /* Products */ = {
			isa = PBXGroup;
			children = (
				B2AE36DE2941156700A48EB9 /* Chat2Chat.app */,
			);
			name = Products;
			sourceTree = "<group>";
		};
		B2AE36E02941156700A48EB9 /* Chat2Chat */ = {
			isa = PBXGroup;
			children = (
				B295E83E294253650083C295 /* Model */,
				B2AE36E12941156700A48EB9 /* AppDelegate.swift */,
				B2AE36E32941156700A48EB9 /* SceneDelegate.swift */,
				B2AE36F6294115E100A48EB9 /* Controller */,
				B2AE36F5294115D800A48EB9 /* View */,
				B2AE36EA2941156800A48EB9 /* Assets.xcassets */,
				B2AE36F72941162200A48EB9 /* GoogleService-Info.plist */,
				B2AE36EF2941156800A48EB9 /* Info.plist */,
			);
			path = Chat2Chat;
			sourceTree = "<group>";
		};
		B2AE36F5294115D800A48EB9 /* View */ = {
			isa = PBXGroup;
			children = (
				B2AE36E72941156700A48EB9 /* Main.storyboard */,
				B2AE36EC2941156800A48EB9 /* LaunchScreen.storyboard */,
			);
			path = View;
			sourceTree = "<group>";
		};
		B2AE36F6294115E100A48EB9 /* Controller */ = {
			isa = PBXGroup;
			children = (
				B2AE36E52941156700A48EB9 /* ViewController.swift */,
				B295E83F294255020083C295 /* RegisterViewController.swift */,
				B295E841294255200083C295 /* LoginViewController.swift */,
				B295E843294258350083C295 /* ChatViewController.swift */,
			);
			path = Controller;
			sourceTree = "<group>";
		};
/* End PBXGroup section */

/* Begin PBXNativeTarget section */
		B2AE36DD2941156700A48EB9 /* Chat2Chat */ = {
			isa = PBXNativeTarget;
			buildConfigurationList = B2AE36F22941156800A48EB9 /* Build configuration list for PBXNativeTarget "Chat2Chat" */;
			buildPhases = (
				B2AE36DA2941156700A48EB9 /* Sources */,
				B2AE36DB2941156700A48EB9 /* Frameworks */,
				B2AE36DC2941156700A48EB9 /* Resources */,
			);
			buildRules = (
			);
			dependencies = (
			);
			name = Chat2Chat;
			packageProductDependencies = (
				B2AE36FA2941171B00A48EB9 /* FirebaseAuth */,
				B2AE36FC2941171B00A48EB9 /* FirebaseDatabase */,
				B2AE36FE2941171B00A48EB9 /* FirebaseDatabaseSwift */,
				B2AE37002941171B00A48EB9 /* FirebaseFirestore */,
				B2AE37022941171B00A48EB9 /* FirebaseFirestoreCombine-Community */,
				B2AE37042941171B00A48EB9 /* FirebaseFirestoreSwift */,
				B2AE37062941171B00A48EB9 /* FirebaseFunctions */,
				B2AE37082941171B00A48EB9 /* FirebaseFunctionsCombine-Community */,
				B2AE370A2941171B00A48EB9 /* FirebaseMessaging */,
				B2AE370C2941171B00A48EB9 /* FirebaseStorage */,
				B2AE370E2941171B00A48EB9 /* FirebaseStorageCombine-Community */,
			);
			productName = Chat2Chat;
			productReference = B2AE36DE2941156700A48EB9 /* Chat2Chat.app */;
			productType = "com.apple.product-type.application";
		};
/* End PBXNativeTarget section */

/* Begin PBXProject section */
		B2AE36D62941156700A48EB9 /* Project object */ = {
			isa = PBXProject;
			attributes = {
				BuildIndependentTargetsInParallel = 1;
				LastSwiftUpdateCheck = 1410;
				LastUpgradeCheck = 1410;
				TargetAttributes = {
					B2AE36DD2941156700A48EB9 = {
						CreatedOnToolsVersion = 14.1;
					};
				};
			};
			buildConfigurationList = B2AE36D92941156700A48EB9 /* Build configuration list for PBXProject "Chat2Chat" */;
			compatibilityVersion = "Xcode 14.0";
			developmentRegion = en;
			hasScannedForEncodings = 0;
			knownRegions = (
				en,
				Base,
			);
			mainGroup = B2AE36D52941156700A48EB9;
			packageReferences = (
				B2AE36F92941171B00A48EB9 /* XCRemoteSwiftPackageReference "firebase-ios-sdk" */,
			);
			productRefGroup = B2AE36DF2941156700A48EB9 /* Products */;
			projectDirPath = "";
			projectRoot = "";
			targets = (
				B2AE36DD2941156700A48EB9 /* Chat2Chat */,
			);
		};
/* End PBXProject section */

/* Begin PBXResourcesBuildPhase section */
		B2AE36DC2941156700A48EB9 /* Resources */ = {
			isa = PBXResourcesBuildPhase;
			buildActionMask = 2147483647;
			files = (
				B2AE36EE2941156800A48EB9 /* LaunchScreen.storyboard in Resources */,
				B2AE36F82941162200A48EB9 /* GoogleService-Info.plist in Resources */,
				B2AE36EB2941156800A48EB9 /* Assets.xcassets in Resources */,
				B2AE36E92941156700A48EB9 /* Main.storyboard in Resources */,
			);
			runOnlyForDeploymentPostprocessing = 0;
		};
/* End PBXResourcesBuildPhase section */

/* Begin PBXSourcesBuildPhase section */
		B2AE36DA2941156700A48EB9 /* Sources */ = {
			isa = PBXSourcesBuildPhase;
			buildActionMask = 2147483647;
			files = (
				B2AE36E62941156700A48EB9 /* ViewController.swift in Sources */,
				B2AE36E22941156700A48EB9 /* AppDelegate.swift in Sources */,
				B2AE36E42941156700A48EB9 /* SceneDelegate.swift in Sources */,
				B295E842294255200083C295 /* LoginViewController.swift in Sources */,
				B295E844294258350083C295 /* ChatViewController.swift in Sources */,
				B295E840294255020083C295 /* RegisterViewController.swift in Sources */,
			);
			runOnlyForDeploymentPostprocessing = 0;
		};
/* End PBXSourcesBuildPhase section */

/* Begin PBXVariantGroup section */
		B2AE36E72941156700A48EB9 /* Main.storyboard */ = {
			isa = PBXVariantGroup;
			children = (
				B2AE36E82941156700A48EB9 /* Base */,
			);
			name = Main.storyboard;
			sourceTree = "<group>";
		};
		B2AE36EC2941156800A48EB9 /* LaunchScreen.storyboard */ = {
			isa = PBXVariantGroup;
			children = (
				B2AE36ED2941156800A48EB9 /* Base */,
			);
			name = LaunchScreen.storyboard;
			sourceTree = "<group>";
		};
/* End PBXVariantGroup section */

/* Begin XCBuildConfiguration section */
		B2AE36F02941156800A48EB9 /* Debug */ = {
			isa = XCBuildConfiguration;
			buildSettings = {
				ALWAYS_SEARCH_USER_PATHS = NO;
				CLANG_ANALYZER_NONNULL = YES;
				CLANG_ANALYZER_NUMBER_OBJECT_CONVERSION = YES_AGGRESSIVE;
				CLANG_CXX_LANGUAGE_STANDARD = "gnu++20";
				CLANG_ENABLE_MODULES = YES;
				CLANG_ENABLE_OBJC_ARC = YES;
				CLANG_ENABLE_OBJC_WEAK = YES;
				CLANG_WARN_BLOCK_CAPTURE_AUTORELEASING = YES;
				CLANG_WARN_BOOL_CONVERSION = YES;
				CLANG_WARN_COMMA = YES;
				CLANG_WARN_CONSTANT_CONVERSION = YES;
				CLANG_WARN_DEPRECATED_OBJC_IMPLEMENTATIONS = YES;
				CLANG_WARN_DIRECT_OBJC_ISA_USAGE = YES_ERROR;
				CLANG_WARN_DOCUMENTATION_COMMENTS = YES;
				CLANG_WARN_EMPTY_BODY = YES;
				CLANG_WARN_ENUM_CONVERSION = YES;
				CLANG_WARN_INFINITE_RECURSION = YES;
				CLANG_WARN_INT_CONVERSION = YES;
				CLANG_WARN_NON_LITERAL_NULL_CONVERSION = YES;
				CLANG_WARN_OBJC_IMPLICIT_RETAIN_SELF = YES;
				CLANG_WARN_OBJC_LITERAL_CONVERSION = YES;
				CLANG_WARN_OBJC_ROOT_CLASS = YES_ERROR;
				CLANG_WARN_QUOTED_INCLUDE_IN_FRAMEWORK_HEADER = YES;
				CLANG_WARN_RANGE_LOOP_ANALYSIS = YES;
				CLANG_WARN_STRICT_PROTOTYPES = YES;
				CLANG_WARN_SUSPICIOUS_MOVE = YES;
				CLANG_WARN_UNGUARDED_AVAILABILITY = YES_AGGRESSIVE;
				CLANG_WARN_UNREACHABLE_CODE = YES;
				CLANG_WARN__DUPLICATE_METHOD_MATCH = YES;
				COPY_PHASE_STRIP = NO;
				DEBUG_INFORMATION_FORMAT = dwarf;
				ENABLE_STRICT_OBJC_MSGSEND = YES;
				ENABLE_TESTABILITY = YES;
				GCC_C_LANGUAGE_STANDARD = gnu11;
				GCC_DYNAMIC_NO_PIC = NO;
				GCC_NO_COMMON_BLOCKS = YES;
				GCC_OPTIMIZATION_LEVEL = 0;
				GCC_PREPROCESSOR_DEFINITIONS = (
					"DEBUG=1",
					"$(inherited)",
				);
				GCC_WARN_64_TO_32_BIT_CONVERSION = YES;
				GCC_WARN_ABOUT_RETURN_TYPE = YES_ERROR;
				GCC_WARN_UNDECLARED_SELECTOR = YES;
				GCC_WARN_UNINITIALIZED_AUTOS = YES_AGGRESSIVE;
				GCC_WARN_UNUSED_FUNCTION = YES;
				GCC_WARN_UNUSED_VARIABLE = YES;
				IPHONEOS_DEPLOYMENT_TARGET = 16.1;
				MTL_ENABLE_DEBUG_INFO = INCLUDE_SOURCE;
				MTL_FAST_MATH = YES;
				ONLY_ACTIVE_ARCH = YES;
				SDKROOT = iphoneos;
				SWIFT_ACTIVE_COMPILATION_CONDITIONS = DEBUG;
				SWIFT_OPTIMIZATION_LEVEL = "-Onone";
			};
			name = Debug;
		};
		B2AE36F12941156800A48EB9 /* Release */ = {
			isa = XCBuildConfiguration;
			buildSettings = {
				ALWAYS_SEARCH_USER_PATHS = NO;
				CLANG_ANALYZER_NONNULL = YES;
				CLANG_ANALYZER_NUMBER_OBJECT_CONVERSION = YES_AGGRESSIVE;
				CLANG_CXX_LANGUAGE_STANDARD = "gnu++20";
				CLANG_ENABLE_MODULES = YES;
				CLANG_ENABLE_OBJC_ARC = YES;
				CLANG_ENABLE_OBJC_WEAK = YES;
				CLANG_WARN_BLOCK_CAPTURE_AUTORELEASING = YES;
				CLANG_WARN_BOOL_CONVERSION = YES;
				CLANG_WARN_COMMA = YES;
				CLANG_WARN_CONSTANT_CONVERSION = YES;
				CLANG_WARN_DEPRECATED_OBJC_IMPLEMENTATIONS = YES;
				CLANG_WARN_DIRECT_OBJC_ISA_USAGE = YES_ERROR;
				CLANG_WARN_DOCUMENTATION_COMMENTS = YES;
				CLANG_WARN_EMPTY_BODY = YES;
				CLANG_WARN_ENUM_CONVERSION = YES;
				CLANG_WARN_INFINITE_RECURSION = YES;
				CLANG_WARN_INT_CONVERSION = YES;
				CLANG_WARN_NON_LITERAL_NULL_CONVERSION = YES;
				CLANG_WARN_OBJC_IMPLICIT_RETAIN_SELF = YES;
				CLANG_WARN_OBJC_LITERAL_CONVERSION = YES;
				CLANG_WARN_OBJC_ROOT_CLASS = YES_ERROR;
				CLANG_WARN_QUOTED_INCLUDE_IN_FRAMEWORK_HEADER = YES;
				CLANG_WARN_RANGE_LOOP_ANALYSIS = YES;
				CLANG_WARN_STRICT_PROTOTYPES = YES;
				CLANG_WARN_SUSPICIOUS_MOVE = YES;
				CLANG_WARN_UNGUARDED_AVAILABILITY = YES_AGGRESSIVE;
				CLANG_WARN_UNREACHABLE_CODE = YES;
				CLANG_WARN__DUPLICATE_METHOD_MATCH = YES;
				COPY_PHASE_STRIP = NO;
				DEBUG_INFORMATION_FORMAT = "dwarf-with-dsym";
				ENABLE_NS_ASSERTIONS = NO;
				ENABLE_STRICT_OBJC_MSGSEND = YES;
				GCC_C_LANGUAGE_STANDARD = gnu11;
				GCC_NO_COMMON_BLOCKS = YES;
				GCC_WARN_64_TO_32_BIT_CONVERSION = YES;
				GCC_WARN_ABOUT_RETURN_TYPE = YES_ERROR;
				GCC_WARN_UNDECLARED_SELECTOR = YES;
				GCC_WARN_UNINITIALIZED_AUTOS = YES_AGGRESSIVE;
				GCC_WARN_UNUSED_FUNCTION = YES;
				GCC_WARN_UNUSED_VARIABLE = YES;
				IPHONEOS_DEPLOYMENT_TARGET = 16.1;
				MTL_ENABLE_DEBUG_INFO = NO;
				MTL_FAST_MATH = YES;
				SDKROOT = iphoneos;
				SWIFT_COMPILATION_MODE = wholemodule;
				SWIFT_OPTIMIZATION_LEVEL = "-O";
				VALIDATE_PRODUCT = YES;
			};
			name = Release;
		};
		B2AE36F32941156800A48EB9 /* Debug */ = {
			isa = XCBuildConfiguration;
			buildSettings = {
				ASSETCATALOG_COMPILER_APPICON_NAME = AppIcon;
				ASSETCATALOG_COMPILER_GLOBAL_ACCENT_COLOR_NAME = AccentColor;
				CODE_SIGN_STYLE = Automatic;
				CURRENT_PROJECT_VERSION = 1;
				DEVELOPMENT_TEAM = J974ZG8GDZ;
				GENERATE_INFOPLIST_FILE = YES;
				INFOPLIST_FILE = Chat2Chat/Info.plist;
				INFOPLIST_KEY_UIApplicationSupportsIndirectInputEvents = YES;
				INFOPLIST_KEY_UILaunchStoryboardName = LaunchScreen;
				INFOPLIST_KEY_UIMainStoryboardFile = Main;
				INFOPLIST_KEY_UISupportedInterfaceOrientations_iPad = "UIInterfaceOrientationPortrait UIInterfaceOrientationPortraitUpsideDown UIInterfaceOrientationLandscapeLeft UIInterfaceOrientationLandscapeRight";
				INFOPLIST_KEY_UISupportedInterfaceOrientations_iPhone = "UIInterfaceOrientationPortrait UIInterfaceOrientationLandscapeLeft UIInterfaceOrientationLandscapeRight";
				IPHONEOS_DEPLOYMENT_TARGET = 14.0;
				LD_RUNPATH_SEARCH_PATHS = (
					"$(inherited)",
					"@executable_path/Frameworks",
				);
				MARKETING_VERSION = 1.0;
				PRODUCT_BUNDLE_IDENTIFIER = com.benlapidge.Chat2Chat;
				PRODUCT_NAME = "$(TARGET_NAME)";
				SWIFT_EMIT_LOC_STRINGS = YES;
				SWIFT_VERSION = 5.0;
				TARGETED_DEVICE_FAMILY = "1,2";
			};
			name = Debug;
		};
		B2AE36F42941156800A48EB9 /* Release */ = {
			isa = XCBuildConfiguration;
			buildSettings = {
				ASSETCATALOG_COMPILER_APPICON_NAME = AppIcon;
				ASSETCATALOG_COMPILER_GLOBAL_ACCENT_COLOR_NAME = AccentColor;
				CODE_SIGN_STYLE = Automatic;
				CURRENT_PROJECT_VERSION = 1;
				DEVELOPMENT_TEAM = J974ZG8GDZ;
				GENERATE_INFOPLIST_FILE = YES;
				INFOPLIST_FILE = Chat2Chat/Info.plist;
				INFOPLIST_KEY_UIApplicationSupportsIndirectInputEvents = YES;
				INFOPLIST_KEY_UILaunchStoryboardName = LaunchScreen;
				INFOPLIST_KEY_UIMainStoryboardFile = Main;
				INFOPLIST_KEY_UISupportedInterfaceOrientations_iPad = "UIInterfaceOrientationPortrait UIInterfaceOrientationPortraitUpsideDown UIInterfaceOrientationLandscapeLeft UIInterfaceOrientationLandscapeRight";
				INFOPLIST_KEY_UISupportedInterfaceOrientations_iPhone = "UIInterfaceOrientationPortrait UIInterfaceOrientationLandscapeLeft UIInterfaceOrientationLandscapeRight";
				IPHONEOS_DEPLOYMENT_TARGET = 14.0;
				LD_RUNPATH_SEARCH_PATHS = (
					"$(inherited)",
					"@executable_path/Frameworks",
				);
				MARKETING_VERSION = 1.0;
				PRODUCT_BUNDLE_IDENTIFIER = com.benlapidge.Chat2Chat;
				PRODUCT_NAME = "$(TARGET_NAME)";
				SWIFT_EMIT_LOC_STRINGS = YES;
				SWIFT_VERSION = 5.0;
				TARGETED_DEVICE_FAMILY = "1,2";
			};
			name = Release;
		};
/* End XCBuildConfiguration section */

/* Begin XCConfigurationList section */
		B2AE36D92941156700A48EB9 /* Build configuration list for PBXProject "Chat2Chat" */ = {
			isa = XCConfigurationList;
			buildConfigurations = (
				B2AE36F02941156800A48EB9 /* Debug */,
				B2AE36F12941156800A48EB9 /* Release */,
			);
			defaultConfigurationIsVisible = 0;
			defaultConfigurationName = Release;
		};
		B2AE36F22941156800A48EB9 /* Build configuration list for PBXNativeTarget "Chat2Chat" */ = {
			isa = XCConfigurationList;
			buildConfigurations = (
				B2AE36F32941156800A48EB9 /* Debug */,
				B2AE36F42941156800A48EB9 /* Release */,
			);
			defaultConfigurationIsVisible = 0;
			defaultConfigurationName = Release;
		};
/* End XCConfigurationList section */

/* Begin XCRemoteSwiftPackageReference section */
		B2AE36F92941171B00A48EB9 /* XCRemoteSwiftPackageReference "firebase-ios-sdk" */ = {
			isa = XCRemoteSwiftPackageReference;
			repositoryURL = "https://github.com/firebase/firebase-ios-sdk";
			requirement = {
				kind = upToNextMajorVersion;
				minimumVersion = 9.0.0;
			};
		};
/* End XCRemoteSwiftPackageReference section */

/* Begin XCSwiftPackageProductDependency section */
		B2AE36FA2941171B00A48EB9 /* FirebaseAuth */ = {
			isa = XCSwiftPackageProductDependency;
			package = B2AE36F92941171B00A48EB9 /* XCRemoteSwiftPackageReference "firebase-ios-sdk" */;
			productName = FirebaseAuth;
		};
		B2AE36FC2941171B00A48EB9 /* FirebaseDatabase */ = {
			isa = XCSwiftPackageProductDependency;
			package = B2AE36F92941171B00A48EB9 /* XCRemoteSwiftPackageReference "firebase-ios-sdk" */;
			productName = FirebaseDatabase;
		};
		B2AE36FE2941171B00A48EB9 /* FirebaseDatabaseSwift */ = {
			isa = XCSwiftPackageProductDependency;
			package = B2AE36F92941171B00A48EB9 /* XCRemoteSwiftPackageReference "firebase-ios-sdk" */;
			productName = FirebaseDatabaseSwift;
		};
		B2AE37002941171B00A48EB9 /* FirebaseFirestore */ = {
			isa = XCSwiftPackageProductDependency;
			package = B2AE36F92941171B00A48EB9 /* XCRemoteSwiftPackageReference "firebase-ios-sdk" */;
			productName = FirebaseFirestore;
		};
		B2AE37022941171B00A48EB9 /* FirebaseFirestoreCombine-Community */ = {
			isa = XCSwiftPackageProductDependency;
			package = B2AE36F92941171B00A48EB9 /* XCRemoteSwiftPackageReference "firebase-ios-sdk" */;
			productName = "FirebaseFirestoreCombine-Community";
		};
		B2AE37042941171B00A48EB9 /* FirebaseFirestoreSwift */ = {
			isa = XCSwiftPackageProductDependency;
			package = B2AE36F92941171B00A48EB9 /* XCRemoteSwiftPackageReference "firebase-ios-sdk" */;
			productName = FirebaseFirestoreSwift;
		};
		B2AE37062941171B00A48EB9 /* FirebaseFunctions */ = {
			isa = XCSwiftPackageProductDependency;
			package = B2AE36F92941171B00A48EB9 /* XCRemoteSwiftPackageReference "firebase-ios-sdk" */;
			productName = FirebaseFunctions;
		};
		B2AE37082941171B00A48EB9 /* FirebaseFunctionsCombine-Community */ = {
			isa = XCSwiftPackageProductDependency;
			package = B2AE36F92941171B00A48EB9 /* XCRemoteSwiftPackageReference "firebase-ios-sdk" */;
			productName = "FirebaseFunctionsCombine-Community";
		};
		B2AE370A2941171B00A48EB9 /* FirebaseMessaging */ = {
			isa = XCSwiftPackageProductDependency;
			package = B2AE36F92941171B00A48EB9 /* XCRemoteSwiftPackageReference "firebase-ios-sdk" */;
			productName = FirebaseMessaging;
		};
		B2AE370C2941171B00A48EB9 /* FirebaseStorage */ = {
			isa = XCSwiftPackageProductDependency;
			package = B2AE36F92941171B00A48EB9 /* XCRemoteSwiftPackageReference "firebase-ios-sdk" */;
			productName = FirebaseStorage;
		};
		B2AE370E2941171B00A48EB9 /* FirebaseStorageCombine-Community */ = {
			isa = XCSwiftPackageProductDependency;
			package = B2AE36F92941171B00A48EB9 /* XCRemoteSwiftPackageReference "firebase-ios-sdk" */;
			productName = "FirebaseStorageCombine-Community";
		};
/* End XCSwiftPackageProductDependency section */
	};
	rootObject = B2AE36D62941156700A48EB9 /* Project object */;
}
